
Microsoft Visual Studio Solution File, Format Version 12.00
# Visual Studio Version 16
VisualStudioVersion = 16.0.30204.135
MinimumVisualStudioVersion = 10.0.40219.1
Project("{FAE04EC0-301F-11D3-BF4B-00C04F79EFBC}") = "basictestapp-01", "basictestapp-01\basictestapp-01.csproj", "{4E4EC005-9E0C-4AC2-AB29-B7C81A479733}"
EndProject
Global
	GlobalSection(SolutionConfigurationPlatforms) = preSolution
		Debug|Any CPU = Debug|Any CPU
		Release|Any CPU = Release|Any CPU
	EndGlobalSection
	GlobalSection(ProjectConfigurationPlatforms) = postSolution
		{4E4EC005-9E0C-4AC2-AB29-B7C81A479733}.Debug|Any CPU.ActiveCfg = Debug|Any CPU
		{4E4EC005-9E0C-4AC2-AB29-B7C81A479733}.Debug|Any CPU.Build.0 = Debug|Any CPU
		{4E4EC005-9E0C-4AC2-AB29-B7C81A479733}.Release|Any CPU.ActiveCfg = Release|Any CPU
		{4E4EC005-9E0C-4AC2-AB29-B7C81A479733}.Release|Any CPU.Build.0 = Release|Any CPU
	EndGlobalSection
	GlobalSection(SolutionProperties) = preSolution
		HideSolutionNode = FALSE
	EndGlobalSection
	GlobalSection(ExtensibilityGlobals) = postSolution
		SolutionGuid = {0467B189-4886-4D25-BB7A-0FA214F51E50}
	EndGlobalSection
EndGlobal
